{
  "name": "src",
  "version": "1.0.0",
  "lockfileVersion": 1,
  "requires": true,
  "dependencies": {
    "@iterables/chain": {
      "version": "1.0.1",
      "resolved": "https://registry.npmjs.org/@iterables/chain/-/chain-1.0.1.tgz",
      "integrity": "sha1-m2U4a9E6fPdD4qzJKzVA25Kzp7g="
    },
    "@iterables/filter": {
      "version": "1.0.2",
      "resolved": "https://registry.npmjs.org/@iterables/filter/-/filter-1.0.2.tgz",
      "integrity": "sha1-57hzdNLJs9viDRTmoW8cHJHym3w="
    },
    "@sets/intersection": {
      "version": "1.0.1",
      "resolved": "https://registry.npmjs.org/@sets/intersection/-/intersection-1.0.1.tgz",
      "integrity": "sha1-98Dk8QZ3s7+zdmGPWTocyF3PDpU=",
      "requires": {
        "@iterables/chain": "^1.0.1",
        "@iterables/filter": "^1.0.2"
      }
    },
    "ini": {
      "version": "1.3.5",
      "resolved": "https://registry.npmjs.org/ini/-/ini-1.3.5.tgz",
      "integrity": "sha512-RZY5huIKCMRWDUqZlEi72f/lmXKMvuszcMBduliQ3nnWbx9X/ZBQO7DijMEYS9EhHBb2qacRUMtC7svLwe0lcw=="
    },
    "mime": {
      "version": "2.2.0",
      "resolved": "https://registry.npmjs.org/mime/-/mime-2.2.0.tgz",
      "integrity": "sha512-0Qz9uF1ATtl8RKJG4VRfOymh7PyEor6NbrI/61lRfuRe4vx9SNATrvAeTj2EWVRKjEQGskrzWkJBBY5NbaVHIA=="
    },
    "quotemeta": {
      "version": "0.0.0",
      "resolved": "https://registry.npmjs.org/quotemeta/-/quotemeta-0.0.0.tgz",
      "integrity": "sha1-UdOgbuD81uO1AdvSiQQ1Gtelo4w="
    },
    "reverse": {
      "version": "4.0.1",
      "resolved": "https://registry.npmjs.org/reverse/-/reverse-4.0.1.tgz",
      "integrity": "sha512-bIYh8P/G/3WZFaKmdkalAotBoSN8ZJn8UPlkCLQqr30Hzb8Vf07zVBbd2DKo2NBr7hO/+zMFEHi9tTdfrWL3gQ==",
      "requires": {
        "@sets/intersection": "^1.0.0",
        "quotemeta": "0.0.0"
      }
    }
  }
}
